github.com/aws/aws-lambda-go v1.10.0 h1:uafgdfYGQD0UeT7d2uKdyWW8j/ZYRifRPIdmeqLzLCk=
github.com/aws/aws-lambda-go v1.10.0/go.mod h1:zUsUQhAUjYzR8AuduJPCfhBuKWUaDbQiPOG+ouzmE1A=
github.com/davecgh/go-spew v1.1.0/go.mod h1:J7Y8YcW2NihsgmVo/mv3lAwl/skON4iLHjSsI+c5H38=
github.com/davecgh/go-spew v1.1.1 h1:vj9j/u1bqnvCEfJOwUhtlOARqs3+rkHYY13jYWTU97c=
github.com/davecgh/go-spew v1.1.1/go.mod h1:J7Y8YcW2NihsgmVo/mv3lAwl/skON4iLHjSsI+c5H38=
github.com/gofrs/uuid v3.2.0+incompatible h1:y12jRkkFxsd7GpqdSZ+/KCs/fJbqpEXSGd4+jfEaewE=
github.com/gofrs/uuid v3.2.0+incompatible/go.mod h1:b2aQJv3Z4Fp6yNu3cdSllBxTCLRxnplIgP/c0N/04lM=
github.com/nalanj/confl v0.0.0-20190502200917-a896ad155907 h1:MiYJRuGTnSFFPgI+G3b1Kx0ezVP2QgAoRRoADstKv2A=
github.com/nalanj/confl v0.0.0-20190502200917-a896ad155907/go.mod h1:/I5++jhs0HJBYY3QCaQzr+Rq+DMB6iWCZMcn2cQ9bcY=
github.com/nalanj/confl v0.0.0-20190504051815-c2e54e7da981 h1:1a6ahehu6ZdORkqMt++MGndGItgF4BV/2eIHuD9ZjOQ=
github.com/nalanj/confl v0.0.0-20190504051815-c2e54e7da981/go.mod h1:/I5++jhs0HJBYY3QCaQzr+Rq+DMB6iWCZMcn2cQ9bcY=
github.com/nalanj/confl v0.0.0-20190504052727-9a4e712e80c9 h1:5cB4lMn7IXTeozUP2e1EKVUg+4LIq3Ym+BVuu8n+SnY=
github.com/nalanj/confl v0.0.0-20190504052727-9a4e712e80c9/go.mod h1:/I5++jhs0HJBYY3QCaQzr+Rq+DMB6iWCZMcn2cQ9bcY=
github.com/nalanj/confl v0.0.0-20190504054544-c4a539977925 h1:nsraQZJx1LjkRng31BPAZDaEQ8rhIcyg/YlDetUCUTI=
github.com/nalanj/confl v0.0.0-20190504054544-c4a539977925/go.mod h1:/I5++jhs0HJBYY3QCaQzr+Rq+DMB6iWCZMcn2cQ9bcY=
github.com/pmezard/go-difflib v1.0.0 h1:4DBwDE0NGyQoBHbLQYPwSUPoCMWR5BEzIk/f1lZbAQM=
github.com/pmezard/go-difflib v1.0.0/go.mod h1:iKH77koFhYxTK1pcRnkKkqfTogsbg7gZNVY4sRDYZ/4=
github.com/spf13/cobra v0.0.3 h1:ZlrZ4XsMRm04Fr5pSFxBgfND2EBVa1nLpiy1stUsX/8=
github.com/spf13/cobra v0.0.3/go.mod h1:1l0Ry5zgKvJasoi3XT1TypsSe7PqH0Sj9dhYf7v3XqQ=
github.com/spf13/pflag v1.0.3 h1:zPAT6CGy6wXeQ7NtTnaTerfKOsV6V6F8agHXFiazDkg=
github.com/spf13/pflag v1.0.3/go.mod h1:DYY7MBk1bdzusC3SYhjObp+wFpr4gzcvqqNjLnInEg4=
github.com/stretchr/objx v0.1.0/go.mod h1:HFkY916IF+rwdDfMAkV7OtwuqBVzrE8GR6GFx+wExME=
github.com/stretchr/objx v0.2.0 h1:Hbg2NidpLE8veEBkEZTL3CvlkUIVzuU9jDplZO54c48=
github.com/stretchr/objx v0.2.0/go.mod h1:qt09Ya8vawLte6SNmTgCsAVtYtaKzEcn8ATUoHMkEqE=
github.com/stretchr/testify v1.3.0 h1:TivCn/peBQ7UY8ooIcPgZFpTNSz0Q2U6UrFlUfqbe0Q=
github.com/stretchr/testify v1.3.0/go.mod h1:M5WIy9Dh21IEIfnGCwXGc5bZfKNJtfHm1UVUgZn+9EI=
